
Microsoft Visual Studio Solution File, Format Version 12.00
# Visual Studio Version 16
VisualStudioVersion = 16.0.30907.101
MinimumVisualStudioVersion = 10.0.40219.1
Project("{FAE04EC0-301F-11D3-BF4B-00C04F79EFBC}") = "TimeTracker", "TimeTracker\TimeTracker.csproj", "{5A1CD779-3389-404B-85AE-07A5F22D1709}"
EndProject
Global
	GlobalSection(SolutionConfigurationPlatforms) = preSolution
		Debug|Any CPU = Debug|Any CPU
		Release|Any CPU = Release|Any CPU
	EndGlobalSection
	GlobalSection(ProjectConfigurationPlatforms) = postSolution
		{5A1CD779-3389-404B-85AE-07A5F22D1709}.Debug|Any CPU.ActiveCfg = Debug|Any CPU
		{5A1CD779-3389-404B-85AE-07A5F22D1709}.Debug|Any CPU.Build.0 = Debug|Any CPU
		{5A1CD779-3389-404B-85AE-07A5F22D1709}.Release|Any CPU.ActiveCfg = Release|Any CPU
		{5A1CD779-3389-404B-85AE-07A5F22D1709}.Release|Any CPU.Build.0 = Release|Any CPU
	EndGlobalSection
	GlobalSection(SolutionProperties) = preSolution
		HideSolutionNode = FALSE
	EndGlobalSection
	GlobalSection(ExtensibilityGlobals) = postSolution
		SolutionGuid = {E4A0C9EB-D9F7-4EA3-BB21-950AEC8295C4}
	EndGlobalSection
EndGlobal
